{
  "name": "bunnyrecorder",
  "version": "0.0.1",
  "lockfileVersion": 3,
  "requires": true,
  "packages": {
    "": {
      "name": "bunnyrecorder",
      "version": "0.0.1",
      "license": "MPL-2.0",
      "dependencies": {
        "mediabunny": "^1.3.0"
      }
    },
    "node_modules/@types/dom-mediacapture-transform": {
      "version": "0.1.11",
      "resolved": "https://registry.npmjs.org/@types/dom-mediacapture-transform/-/dom-mediacapture-transform-0.1.11.tgz",
      "integrity": "sha512-Y2p+nGf1bF2XMttBnsVPHUWzRRZzqUoJAKmiP10b5umnO6DDrWI0BrGDJy1pOHoOULVmGSfFNkQrAlC5dcj6nQ==",
      "license": "MIT",
      "dependencies": {
        "@types/dom-webcodecs": "*"
      }
    },
    "node_modules/@types/dom-webcodecs": {
      "version": "0.1.15",
      "resolved": "https://registry.npmjs.org/@types/dom-webcodecs/-/dom-webcodecs-0.1.15.tgz",
      "integrity": "sha512-omOlCPvTWyPm4ZE5bZUhlSvnHM2ZWM2U+1cPiYFL/e8aV5O9MouELp+L4dMKNTON0nTeHqEg+KWDfFQMY5Wkaw==",
      "license": "MIT"
    },
    "node_modules/mediabunny": {
      "version": "1.3.0",
      "resolved": "https://registry.npmjs.org/mediabunny/-/mediabunny-1.3.0.tgz",
      "integrity": "sha512-mPFCtF2g1Iqsc4gNjuPCnlITsth72qXpUWqs4hHzmunnrY2rTRTqhkAQZZwoEQiMPYV6objnYDG6rcVhsRd8wQ==",
      "license": "MPL-2.0",
      "dependencies": {
        "@types/dom-mediacapture-transform": "^0.1.11",
        "@types/dom-webcodecs": "^0.1.15"
      },
      "funding": {
        "type": "individual",
        "url": "https://github.com/sponsors/Vanilagy"
      }
    }
  }
}
